
Microsoft Visual Studio Solution File, Format Version 12.00
# Visual Studio Version 17
VisualStudioVersion = 17.3.32929.385
MinimumVisualStudioVersion = 10.0.40219.1
Project("{8BC9CEB8-8B4A-11D0-8D11-00A0C91BC942}") = "lab6.1.1", "lab6.1.1\lab6.1.1.vcxproj", "{602D9EDB-6FAE-499E-869D-9A2153765C8D}"
EndProject
Project("{8BC9CEB8-8B4A-11D0-8D11-00A0C91BC942}") = "UnitTest6", "UnitTest6\UnitTest6.vcxproj", "{00C47E4D-3D30-4CB7-8A2A-BFEF9F15680E}"
EndProject
Global
	GlobalSection(SolutionConfigurationPlatforms) = preSolution
		Debug|x64 = Debug|x64
		Debug|x86 = Debug|x86
		Release|x64 = Release|x64
		Release|x86 = Release|x86
	EndGlobalSection
	GlobalSection(ProjectConfigurationPlatforms) = postSolution
		{602D9EDB-6FAE-499E-869D-9A2153765C8D}.Debug|x64.ActiveCfg = Debug|x64
		{602D9EDB-6FAE-499E-869D-9A2153765C8D}.Debug|x64.Build.0 = Debug|x64
		{602D9EDB-6FAE-499E-869D-9A2153765C8D}.Debug|x86.ActiveCfg = Debug|Win32
		{602D9EDB-6FAE-499E-869D-9A2153765C8D}.Debug|x86.Build.0 = Debug|Win32
		{602D9EDB-6FAE-499E-869D-9A2153765C8D}.Release|x64.ActiveCfg = Release|x64
		{602D9EDB-6FAE-499E-869D-9A2153765C8D}.Release|x64.Build.0 = Release|x64
		{602D9EDB-6FAE-499E-869D-9A2153765C8D}.Release|x86.ActiveCfg = Release|Win32
		{602D9EDB-6FAE-499E-869D-9A2153765C8D}.Release|x86.Build.0 = Release|Win32
		{00C47E4D-3D30-4CB7-8A2A-BFEF9F15680E}.Debug|x64.ActiveCfg = Debug|x64
		{00C47E4D-3D30-4CB7-8A2A-BFEF9F15680E}.Debug|x64.Build.0 = Debug|x64
		{00C47E4D-3D30-4CB7-8A2A-BFEF9F15680E}.Debug|x86.ActiveCfg = Debug|Win32
		{00C47E4D-3D30-4CB7-8A2A-BFEF9F15680E}.Debug|x86.Build.0 = Debug|Win32
		{00C47E4D-3D30-4CB7-8A2A-BFEF9F15680E}.Release|x64.ActiveCfg = Release|x64
		{00C47E4D-3D30-4CB7-8A2A-BFEF9F15680E}.Release|x64.Build.0 = Release|x64
		{00C47E4D-3D30-4CB7-8A2A-BFEF9F15680E}.Release|x86.ActiveCfg = Release|Win32
		{00C47E4D-3D30-4CB7-8A2A-BFEF9F15680E}.Release|x86.Build.0 = Release|Win32
	EndGlobalSection
	GlobalSection(SolutionProperties) = preSolution
		HideSolutionNode = FALSE
	EndGlobalSection
	GlobalSection(ExtensibilityGlobals) = postSolution
		SolutionGuid = {C37494A8-6781-49FB-998C-8625FFC597E1}
	EndGlobalSection
EndGlobal
